
Microsoft Visual Studio Solution File, Format Version 12.00
# Visual Studio Version 16
VisualStudioVersion = 16.0.31424.327
MinimumVisualStudioVersion = 10.0.40219.1
Project("{9A19103F-16F7-4668-BE54-9A1E7A4F7556}") = "SharedLibrary", "SharedLibrary\SharedLibrary.csproj", "{31CD15A6-00D6-4136-A5F2-B977115DDC52}"
EndProject
Project("{9A19103F-16F7-4668-BE54-9A1E7A4F7556}") = "Binex", "Binex\Binex.csproj", "{CA2FFC75-B7F8-4CBE-9A73-6CACD955571F}"
EndProject
Project("{9A19103F-16F7-4668-BE54-9A1E7A4F7556}") = "LicenseGenerator", "LicenseGenerator\LicenseGenerator.csproj", "{EF46F018-8529-4F74-A69E-80D970DD88F5}"
EndProject
Project("{9A19103F-16F7-4668-BE54-9A1E7A4F7556}") = "BinexWorkerService", "BinexWorkerService\BinexWorkerService.csproj", "{AA059209-464F-499F-9D05-147EA4EF413C}"
EndProject
Project("{FAE04EC0-301F-11D3-BF4B-00C04F79EFBC}") = "LicenseGeneratorLibrary", "LicenseGeneratorLibrary\LicenseGeneratorLibrary.csproj", "{697BE6FA-7EEC-42D7-B61B-57BCEB00D1CE}"
EndProject
Global
	GlobalSection(SolutionConfigurationPlatforms) = preSolution
		Debug|Any CPU = Debug|Any CPU
		Release|Any CPU = Release|Any CPU
	EndGlobalSection
	GlobalSection(ProjectConfigurationPlatforms) = postSolution
		{31CD15A6-00D6-4136-A5F2-B977115DDC52}.Debug|Any CPU.ActiveCfg = Debug|Any CPU
		{31CD15A6-00D6-4136-A5F2-B977115DDC52}.Debug|Any CPU.Build.0 = Debug|Any CPU
		{31CD15A6-00D6-4136-A5F2-B977115DDC52}.Release|Any CPU.ActiveCfg = Release|Any CPU
		{31CD15A6-00D6-4136-A5F2-B977115DDC52}.Release|Any CPU.Build.0 = Release|Any CPU
		{CA2FFC75-B7F8-4CBE-9A73-6CACD955571F}.Debug|Any CPU.ActiveCfg = Debug|Any CPU
		{CA2FFC75-B7F8-4CBE-9A73-6CACD955571F}.Debug|Any CPU.Build.0 = Debug|Any CPU
		{CA2FFC75-B7F8-4CBE-9A73-6CACD955571F}.Release|Any CPU.ActiveCfg = Release|Any CPU
		{CA2FFC75-B7F8-4CBE-9A73-6CACD955571F}.Release|Any CPU.Build.0 = Release|Any CPU
		{EF46F018-8529-4F74-A69E-80D970DD88F5}.Debug|Any CPU.ActiveCfg = Debug|Any CPU
		{EF46F018-8529-4F74-A69E-80D970DD88F5}.Release|Any CPU.ActiveCfg = Release|Any CPU
		{EF46F018-8529-4F74-A69E-80D970DD88F5}.Release|Any CPU.Build.0 = Release|Any CPU
		{AA059209-464F-499F-9D05-147EA4EF413C}.Debug|Any CPU.ActiveCfg = Debug|Any CPU
		{AA059209-464F-499F-9D05-147EA4EF413C}.Debug|Any CPU.Build.0 = Debug|Any CPU
		{AA059209-464F-499F-9D05-147EA4EF413C}.Release|Any CPU.ActiveCfg = Release|Any CPU
		{AA059209-464F-499F-9D05-147EA4EF413C}.Release|Any CPU.Build.0 = Release|Any CPU
		{697BE6FA-7EEC-42D7-B61B-57BCEB00D1CE}.Debug|Any CPU.ActiveCfg = Debug|Any CPU
		{697BE6FA-7EEC-42D7-B61B-57BCEB00D1CE}.Debug|Any CPU.Build.0 = Debug|Any CPU
		{697BE6FA-7EEC-42D7-B61B-57BCEB00D1CE}.Release|Any CPU.ActiveCfg = Release|Any CPU
		{697BE6FA-7EEC-42D7-B61B-57BCEB00D1CE}.Release|Any CPU.Build.0 = Release|Any CPU
	EndGlobalSection
	GlobalSection(SolutionProperties) = preSolution
		HideSolutionNode = FALSE
	EndGlobalSection
	GlobalSection(ExtensibilityGlobals) = postSolution
		SolutionGuid = {FDEA130B-F478-4D40-A4ED-357AC2A7D867}
	EndGlobalSection
EndGlobal
